
Microsoft Visual Studio Solution File, Format Version 12.00
# Visual Studio 15
VisualStudioVersion = 15.0.28010.2016
MinimumVisualStudioVersion = 10.0.40219.1
Project("{FAE04EC0-301F-11D3-BF4B-00C04F79EFBC}") = "ReminderSystem", "ReminderSystem\ReminderSystem.csproj", "{DF80B9D9-9E16-471B-9E49-3641DB6A73BD}"
EndProject
Global
	GlobalSection(SolutionConfigurationPlatforms) = preSolution
		Debug|Any CPU = Debug|Any CPU
		Release|Any CPU = Release|Any CPU
	EndGlobalSection
	GlobalSection(ProjectConfigurationPlatforms) = postSolution
		{DF80B9D9-9E16-471B-9E49-3641DB6A73BD}.Debug|Any CPU.ActiveCfg = Debug|Any CPU
		{DF80B9D9-9E16-471B-9E49-3641DB6A73BD}.Debug|Any CPU.Build.0 = Debug|Any CPU
		{DF80B9D9-9E16-471B-9E49-3641DB6A73BD}.Release|Any CPU.ActiveCfg = Release|Any CPU
		{DF80B9D9-9E16-471B-9E49-3641DB6A73BD}.Release|Any CPU.Build.0 = Release|Any CPU
	EndGlobalSection
	GlobalSection(SolutionProperties) = preSolution
		HideSolutionNode = FALSE
	EndGlobalSection
	GlobalSection(ExtensibilityGlobals) = postSolution
		SolutionGuid = {D970CA5B-FB18-4A17-BB5D-75584EEA12C0}
	EndGlobalSection
EndGlobal
